dependencies:
  idf:
    component_hash: null
    source:
      type: idf
    version: 5.3.0
  protocol_examples_common:
    component_hash: null
    source:
      path: /home/matheus/esp/esp-idf/examples/common_components/protocol_examples_common
      type: local
    version: '*'
manifest_hash: 8825349da14fd5192219d756fa66ffee5e4182bfc4a2dd000bf14b838352c90c
target: esp32
version: 1.0.0
